
Microsoft Visual Studio Solution File, Format Version 12.00
# Visual Studio 14
VisualStudioVersion = 14.0.25420.1
MinimumVisualStudioVersion = 10.0.40219.1
Project("{FAE04EC0-301F-11D3-BF4B-00C04F79EFBC}") = "ChronoPlurk", "ChronoPlurk\ChronoPlurk.csproj", "{1DE94618-ACEA-4FC8-9D78-D49D74E881E3}"
EndProject
Project("{FAE04EC0-301F-11D3-BF4B-00C04F79EFBC}") = "Caliburn.Micro.Extensions.WP8", "..\Caliburn.Micro\src\Caliburn.Micro.Extensions.WP71\Caliburn.Micro.Extensions.WP8.csproj", "{749ADF14-7D11-4380-AB64-CEB61DFF2A73}"
EndProject
Project("{FAE04EC0-301F-11D3-BF4B-00C04F79EFBC}") = "Caliburn.Micro", "..\Caliburn.Micro\src\Caliburn.Micro\Caliburn.Micro.csproj", "{6D772B52-DA8F-4784-971A-4BF50CB6D306}"
EndProject
Project("{FAE04EC0-301F-11D3-BF4B-00C04F79EFBC}") = "Caliburn.Micro.Platform.WP8", "..\Caliburn.Micro\src\Caliburn.Micro.Platform\Caliburn.Micro.Platform.WP8.csproj", "{50DAA3F0-3BAD-433A-B4B2-4A38DEF9DFAF}"
EndProject
Project("{FAE04EC0-301F-11D3-BF4B-00C04F79EFBC}") = "Plurto.Portable", "plurto\Plurto.Portable\Plurto.Portable.csproj", "{8B2D09AB-B99E-42A9-A773-F07DE5AA8E96}"
EndProject
Project("{FAE04EC0-301F-11D3-BF4B-00C04F79EFBC}") = "Plurto.PortableRx", "plurto\Plurto.PortableRx\Plurto.PortableRx.csproj", "{7018BB58-B1B4-45F2-B27C-6493FBBAD2E6}"
EndProject
Project("{FAE04EC0-301F-11D3-BF4B-00C04F79EFBC}") = "Plurto.WP8", "plurto\Plurto.WP8\Plurto.WP8.csproj", "{85D48E4D-1CC5-45A9-9EB9-118793837CE7}"
EndProject
Global
	GlobalSection(SolutionConfigurationPlatforms) = preSolution
		Debug|Any CPU = Debug|Any CPU
		Debug|ARM = Debug|ARM
		Debug|x86 = Debug|x86
		DebugClean|Any CPU = DebugClean|Any CPU
		DebugClean|ARM = DebugClean|ARM
		DebugClean|x86 = DebugClean|x86
		Release|Any CPU = Release|Any CPU
		Release|ARM = Release|ARM
		Release|x86 = Release|x86
	EndGlobalSection
	GlobalSection(ProjectConfigurationPlatforms) = postSolution
		{1DE94618-ACEA-4FC8-9D78-D49D74E881E3}.Debug|Any CPU.ActiveCfg = Debug|Any CPU
		{1DE94618-ACEA-4FC8-9D78-D49D74E881E3}.Debug|Any CPU.Build.0 = Debug|Any CPU
		{1DE94618-ACEA-4FC8-9D78-D49D74E881E3}.Debug|Any CPU.Deploy.0 = Debug|Any CPU
		{1DE94618-ACEA-4FC8-9D78-D49D74E881E3}.Debug|ARM.ActiveCfg = Debug|ARM
		{1DE94618-ACEA-4FC8-9D78-D49D74E881E3}.Debug|ARM.Build.0 = Debug|ARM
		{1DE94618-ACEA-4FC8-9D78-D49D74E881E3}.Debug|ARM.Deploy.0 = Debug|ARM
		{1DE94618-ACEA-4FC8-9D78-D49D74E881E3}.Debug|x86.ActiveCfg = Debug|x86
		{1DE94618-ACEA-4FC8-9D78-D49D74E881E3}.Debug|x86.Build.0 = Debug|x86
		{1DE94618-ACEA-4FC8-9D78-D49D74E881E3}.Debug|x86.Deploy.0 = Debug|x86
		{1DE94618-ACEA-4FC8-9D78-D49D74E881E3}.DebugClean|Any CPU.ActiveCfg = DebugClean|Any CPU
		{1DE94618-ACEA-4FC8-9D78-D49D74E881E3}.DebugClean|Any CPU.Build.0 = DebugClean|Any CPU
		{1DE94618-ACEA-4FC8-9D78-D49D74E881E3}.DebugClean|Any CPU.Deploy.0 = DebugClean|Any CPU
		{1DE94618-ACEA-4FC8-9D78-D49D74E881E3}.DebugClean|ARM.ActiveCfg = DebugClean|ARM
		{1DE94618-ACEA-4FC8-9D78-D49D74E881E3}.DebugClean|ARM.Build.0 = DebugClean|ARM
		{1DE94618-ACEA-4FC8-9D78-D49D74E881E3}.DebugClean|ARM.Deploy.0 = DebugClean|ARM
		{1DE94618-ACEA-4FC8-9D78-D49D74E881E3}.DebugClean|x86.ActiveCfg = DebugClean|x86
		{1DE94618-ACEA-4FC8-9D78-D49D74E881E3}.DebugClean|x86.Build.0 = DebugClean|x86
		{1DE94618-ACEA-4FC8-9D78-D49D74E881E3}.DebugClean|x86.Deploy.0 = DebugClean|x86
		{1DE94618-ACEA-4FC8-9D78-D49D74E881E3}.Release|Any CPU.ActiveCfg = Release|Any CPU
		{1DE94618-ACEA-4FC8-9D78-D49D74E881E3}.Release|Any CPU.Build.0 = Release|Any CPU
		{1DE94618-ACEA-4FC8-9D78-D49D74E881E3}.Release|Any CPU.Deploy.0 = Release|Any CPU
		{1DE94618-ACEA-4FC8-9D78-D49D74E881E3}.Release|ARM.ActiveCfg = Release|ARM
		{1DE94618-ACEA-4FC8-9D78-D49D74E881E3}.Release|ARM.Build.0 = Release|ARM
		{1DE94618-ACEA-4FC8-9D78-D49D74E881E3}.Release|ARM.Deploy.0 = Release|ARM
		{1DE94618-ACEA-4FC8-9D78-D49D74E881E3}.Release|x86.ActiveCfg = Release|x86
		{1DE94618-ACEA-4FC8-9D78-D49D74E881E3}.Release|x86.Build.0 = Release|x86
		{1DE94618-ACEA-4FC8-9D78-D49D74E881E3}.Release|x86.Deploy.0 = Release|x86
		{749ADF14-7D11-4380-AB64-CEB61DFF2A73}.Debug|Any CPU.ActiveCfg = Debug|Any CPU
		{749ADF14-7D11-4380-AB64-CEB61DFF2A73}.Debug|Any CPU.Build.0 = Debug|Any CPU
		{749ADF14-7D11-4380-AB64-CEB61DFF2A73}.Debug|ARM.ActiveCfg = Debug|ARM
		{749ADF14-7D11-4380-AB64-CEB61DFF2A73}.Debug|ARM.Build.0 = Debug|ARM
		{749ADF14-7D11-4380-AB64-CEB61DFF2A73}.Debug|x86.ActiveCfg = Debug|x86
		{749ADF14-7D11-4380-AB64-CEB61DFF2A73}.Debug|x86.Build.0 = Debug|x86
		{749ADF14-7D11-4380-AB64-CEB61DFF2A73}.DebugClean|Any CPU.ActiveCfg = Debug|Any CPU
		{749ADF14-7D11-4380-AB64-CEB61DFF2A73}.DebugClean|Any CPU.Build.0 = Debug|Any CPU
		{749ADF14-7D11-4380-AB64-CEB61DFF2A73}.DebugClean|ARM.ActiveCfg = Debug|ARM
		{749ADF14-7D11-4380-AB64-CEB61DFF2A73}.DebugClean|ARM.Build.0 = Debug|ARM
		{749ADF14-7D11-4380-AB64-CEB61DFF2A73}.DebugClean|x86.ActiveCfg = Debug|x86
		{749ADF14-7D11-4380-AB64-CEB61DFF2A73}.DebugClean|x86.Build.0 = Debug|x86
		{749ADF14-7D11-4380-AB64-CEB61DFF2A73}.Release|Any CPU.ActiveCfg = Release|Any CPU
		{749ADF14-7D11-4380-AB64-CEB61DFF2A73}.Release|Any CPU.Build.0 = Release|Any CPU
		{749ADF14-7D11-4380-AB64-CEB61DFF2A73}.Release|ARM.ActiveCfg = Release|ARM
		{749ADF14-7D11-4380-AB64-CEB61DFF2A73}.Release|ARM.Build.0 = Release|ARM
		{749ADF14-7D11-4380-AB64-CEB61DFF2A73}.Release|x86.ActiveCfg = Release|x86
		{749ADF14-7D11-4380-AB64-CEB61DFF2A73}.Release|x86.Build.0 = Release|x86
		{6D772B52-DA8F-4784-971A-4BF50CB6D306}.Debug|Any CPU.ActiveCfg = Debug|Any CPU
		{6D772B52-DA8F-4784-971A-4BF50CB6D306}.Debug|Any CPU.Build.0 = Debug|Any CPU
		{6D772B52-DA8F-4784-971A-4BF50CB6D306}.Debug|ARM.ActiveCfg = Debug|Any CPU
		{6D772B52-DA8F-4784-971A-4BF50CB6D306}.Debug|x86.ActiveCfg = Debug|Any CPU
		{6D772B52-DA8F-4784-971A-4BF50CB6D306}.DebugClean|Any CPU.ActiveCfg = Debug|Any CPU
		{6D772B52-DA8F-4784-971A-4BF50CB6D306}.DebugClean|Any CPU.Build.0 = Debug|Any CPU
		{6D772B52-DA8F-4784-971A-4BF50CB6D306}.DebugClean|ARM.ActiveCfg = Debug|Any CPU
		{6D772B52-DA8F-4784-971A-4BF50CB6D306}.DebugClean|x86.ActiveCfg = Debug|Any CPU
		{6D772B52-DA8F-4784-971A-4BF50CB6D306}.Release|Any CPU.ActiveCfg = Release|Any CPU
		{6D772B52-DA8F-4784-971A-4BF50CB6D306}.Release|Any CPU.Build.0 = Release|Any CPU
		{6D772B52-DA8F-4784-971A-4BF50CB6D306}.Release|ARM.ActiveCfg = Release|Any CPU
		{6D772B52-DA8F-4784-971A-4BF50CB6D306}.Release|x86.ActiveCfg = Release|Any CPU
		{50DAA3F0-3BAD-433A-B4B2-4A38DEF9DFAF}.Debug|Any CPU.ActiveCfg = Debug|Any CPU
		{50DAA3F0-3BAD-433A-B4B2-4A38DEF9DFAF}.Debug|Any CPU.Build.0 = Debug|Any CPU
		{50DAA3F0-3BAD-433A-B4B2-4A38DEF9DFAF}.Debug|ARM.ActiveCfg = Debug|ARM
		{50DAA3F0-3BAD-433A-B4B2-4A38DEF9DFAF}.Debug|ARM.Build.0 = Debug|ARM
		{50DAA3F0-3BAD-433A-B4B2-4A38DEF9DFAF}.Debug|x86.ActiveCfg = Debug|x86
		{50DAA3F0-3BAD-433A-B4B2-4A38DEF9DFAF}.Debug|x86.Build.0 = Debug|x86
		{50DAA3F0-3BAD-433A-B4B2-4A38DEF9DFAF}.DebugClean|Any CPU.ActiveCfg = Debug|Any CPU
		{50DAA3F0-3BAD-433A-B4B2-4A38DEF9DFAF}.DebugClean|Any CPU.Build.0 = Debug|Any CPU
		{50DAA3F0-3BAD-433A-B4B2-4A38DEF9DFAF}.DebugClean|ARM.ActiveCfg = Debug|ARM
		{50DAA3F0-3BAD-433A-B4B2-4A38DEF9DFAF}.DebugClean|ARM.Build.0 = Debug|ARM
		{50DAA3F0-3BAD-433A-B4B2-4A38DEF9DFAF}.DebugClean|x86.ActiveCfg = Debug|x86
		{50DAA3F0-3BAD-433A-B4B2-4A38DEF9DFAF}.DebugClean|x86.Build.0 = Debug|x86
		{50DAA3F0-3BAD-433A-B4B2-4A38DEF9DFAF}.Release|Any CPU.ActiveCfg = Release|Any CPU
		{50DAA3F0-3BAD-433A-B4B2-4A38DEF9DFAF}.Release|Any CPU.Build.0 = Release|Any CPU
		{50DAA3F0-3BAD-433A-B4B2-4A38DEF9DFAF}.Release|ARM.ActiveCfg = Release|ARM
		{50DAA3F0-3BAD-433A-B4B2-4A38DEF9DFAF}.Release|ARM.Build.0 = Release|ARM
		{50DAA3F0-3BAD-433A-B4B2-4A38DEF9DFAF}.Release|x86.ActiveCfg = Release|x86
		{50DAA3F0-3BAD-433A-B4B2-4A38DEF9DFAF}.Release|x86.Build.0 = Release|x86
		{8B2D09AB-B99E-42A9-A773-F07DE5AA8E96}.Debug|Any CPU.ActiveCfg = Debug|Any CPU
		{8B2D09AB-B99E-42A9-A773-F07DE5AA8E96}.Debug|Any CPU.Build.0 = Debug|Any CPU
		{8B2D09AB-B99E-42A9-A773-F07DE5AA8E96}.Debug|ARM.ActiveCfg = Debug|Any CPU
		{8B2D09AB-B99E-42A9-A773-F07DE5AA8E96}.Debug|ARM.Build.0 = Debug|Any CPU
		{8B2D09AB-B99E-42A9-A773-F07DE5AA8E96}.Debug|x86.ActiveCfg = Debug|Any CPU
		{8B2D09AB-B99E-42A9-A773-F07DE5AA8E96}.Debug|x86.Build.0 = Debug|Any CPU
		{8B2D09AB-B99E-42A9-A773-F07DE5AA8E96}.DebugClean|Any CPU.ActiveCfg = Debug|Any CPU
		{8B2D09AB-B99E-42A9-A773-F07DE5AA8E96}.DebugClean|Any CPU.Build.0 = Debug|Any CPU
		{8B2D09AB-B99E-42A9-A773-F07DE5AA8E96}.DebugClean|ARM.ActiveCfg = Debug|Any CPU
		{8B2D09AB-B99E-42A9-A773-F07DE5AA8E96}.DebugClean|ARM.Build.0 = Debug|Any CPU
		{8B2D09AB-B99E-42A9-A773-F07DE5AA8E96}.DebugClean|x86.ActiveCfg = Debug|Any CPU
		{8B2D09AB-B99E-42A9-A773-F07DE5AA8E96}.DebugClean|x86.Build.0 = Debug|Any CPU
		{8B2D09AB-B99E-42A9-A773-F07DE5AA8E96}.Release|Any CPU.ActiveCfg = Release|Any CPU
		{8B2D09AB-B99E-42A9-A773-F07DE5AA8E96}.Release|Any CPU.Build.0 = Release|Any CPU
		{8B2D09AB-B99E-42A9-A773-F07DE5AA8E96}.Release|ARM.ActiveCfg = Release|Any CPU
		{8B2D09AB-B99E-42A9-A773-F07DE5AA8E96}.Release|ARM.Build.0 = Release|Any CPU
		{8B2D09AB-B99E-42A9-A773-F07DE5AA8E96}.Release|x86.ActiveCfg = Release|Any CPU
		{8B2D09AB-B99E-42A9-A773-F07DE5AA8E96}.Release|x86.Build.0 = Release|Any CPU
		{7018BB58-B1B4-45F2-B27C-6493FBBAD2E6}.Debug|Any CPU.ActiveCfg = Debug|Any CPU
		{7018BB58-B1B4-45F2-B27C-6493FBBAD2E6}.Debug|Any CPU.Build.0 = Debug|Any CPU
		{7018BB58-B1B4-45F2-B27C-6493FBBAD2E6}.Debug|ARM.ActiveCfg = Debug|Any CPU
		{7018BB58-B1B4-45F2-B27C-6493FBBAD2E6}.Debug|ARM.Build.0 = Debug|Any CPU
		{7018BB58-B1B4-45F2-B27C-6493FBBAD2E6}.Debug|x86.ActiveCfg = Debug|Any CPU
		{7018BB58-B1B4-45F2-B27C-6493FBBAD2E6}.Debug|x86.Build.0 = Debug|Any CPU
		{7018BB58-B1B4-45F2-B27C-6493FBBAD2E6}.DebugClean|Any CPU.ActiveCfg = Debug|Any CPU
		{7018BB58-B1B4-45F2-B27C-6493FBBAD2E6}.DebugClean|Any CPU.Build.0 = Debug|Any CPU
		{7018BB58-B1B4-45F2-B27C-6493FBBAD2E6}.DebugClean|ARM.ActiveCfg = Debug|Any CPU
		{7018BB58-B1B4-45F2-B27C-6493FBBAD2E6}.DebugClean|ARM.Build.0 = Debug|Any CPU
		{7018BB58-B1B4-45F2-B27C-6493FBBAD2E6}.DebugClean|x86.ActiveCfg = Debug|Any CPU
		{7018BB58-B1B4-45F2-B27C-6493FBBAD2E6}.DebugClean|x86.Build.0 = Debug|Any CPU
		{7018BB58-B1B4-45F2-B27C-6493FBBAD2E6}.Release|Any CPU.ActiveCfg = Release|Any CPU
		{7018BB58-B1B4-45F2-B27C-6493FBBAD2E6}.Release|Any CPU.Build.0 = Release|Any CPU
		{7018BB58-B1B4-45F2-B27C-6493FBBAD2E6}.Release|ARM.ActiveCfg = Release|Any CPU
		{7018BB58-B1B4-45F2-B27C-6493FBBAD2E6}.Release|ARM.Build.0 = Release|Any CPU
		{7018BB58-B1B4-45F2-B27C-6493FBBAD2E6}.Release|x86.ActiveCfg = Release|Any CPU
		{7018BB58-B1B4-45F2-B27C-6493FBBAD2E6}.Release|x86.Build.0 = Release|Any CPU
		{85D48E4D-1CC5-45A9-9EB9-118793837CE7}.Debug|Any CPU.ActiveCfg = Debug|Any CPU
		{85D48E4D-1CC5-45A9-9EB9-118793837CE7}.Debug|Any CPU.Build.0 = Debug|Any CPU
		{85D48E4D-1CC5-45A9-9EB9-118793837CE7}.Debug|ARM.ActiveCfg = Debug|ARM
		{85D48E4D-1CC5-45A9-9EB9-118793837CE7}.Debug|ARM.Build.0 = Debug|ARM
		{85D48E4D-1CC5-45A9-9EB9-118793837CE7}.Debug|x86.ActiveCfg = Debug|x86
		{85D48E4D-1CC5-45A9-9EB9-118793837CE7}.Debug|x86.Build.0 = Debug|x86
		{85D48E4D-1CC5-45A9-9EB9-118793837CE7}.DebugClean|Any CPU.ActiveCfg = Debug|Any CPU
		{85D48E4D-1CC5-45A9-9EB9-118793837CE7}.DebugClean|Any CPU.Build.0 = Debug|Any CPU
		{85D48E4D-1CC5-45A9-9EB9-118793837CE7}.DebugClean|ARM.ActiveCfg = Debug|ARM
		{85D48E4D-1CC5-45A9-9EB9-118793837CE7}.DebugClean|ARM.Build.0 = Debug|ARM
		{85D48E4D-1CC5-45A9-9EB9-118793837CE7}.DebugClean|x86.ActiveCfg = Debug|x86
		{85D48E4D-1CC5-45A9-9EB9-118793837CE7}.DebugClean|x86.Build.0 = Debug|x86
		{85D48E4D-1CC5-45A9-9EB9-118793837CE7}.Release|Any CPU.ActiveCfg = Release|Any CPU
		{85D48E4D-1CC5-45A9-9EB9-118793837CE7}.Release|Any CPU.Build.0 = Release|Any CPU
		{85D48E4D-1CC5-45A9-9EB9-118793837CE7}.Release|ARM.ActiveCfg = Release|ARM
		{85D48E4D-1CC5-45A9-9EB9-118793837CE7}.Release|ARM.Build.0 = Release|ARM
		{85D48E4D-1CC5-45A9-9EB9-118793837CE7}.Release|x86.ActiveCfg = Release|x86
		{85D48E4D-1CC5-45A9-9EB9-118793837CE7}.Release|x86.Build.0 = Release|x86
	EndGlobalSection
	GlobalSection(SolutionProperties) = preSolution
		HideSolutionNode = FALSE
	EndGlobalSection
EndGlobal
