
Microsoft Visual Studio Solution File, Format Version 11.00
# Visual Studio 2010
Project("{FAE04EC0-301F-11D3-BF4B-00C04F79EFBC}") = "ChronoPlurk", "ChronoPlurk\ChronoPlurk.csproj", "{1DE94618-ACEA-4FC8-9D78-D49D74E881E3}"
EndProject
Project("{FAE04EC0-301F-11D3-BF4B-00C04F79EFBC}") = "Plurto.WindowsPhone", "..\Plurto\src\Plurto.WindowsPhone\Plurto.WindowsPhone.csproj", "{EE6B1210-5D97-4232-84F6-BF2DD8060F65}"
EndProject
Project("{FAE04EC0-301F-11D3-BF4B-00C04F79EFBC}") = "Caliburn.Micro.WP71", "..\Caliburn.Micro\src\Caliburn.Micro.WP71\Caliburn.Micro.WP71.csproj", "{B3F474B3-85C7-482D-9382-097CF64BCBB0}"
EndProject
Project("{FAE04EC0-301F-11D3-BF4B-00C04F79EFBC}") = "Caliburn.Micro.WP71.Extensions", "..\Caliburn.Micro\src\Caliburn.Micro.WP71.Extensions\Caliburn.Micro.WP71.Extensions.csproj", "{FDA153CE-6970-48AA-A720-293A4F91D134}"
EndProject
Global
	GlobalSection(SolutionConfigurationPlatforms) = preSolution
		Debug|Any CPU = Debug|Any CPU
		DebugClean|Any CPU = DebugClean|Any CPU
		Release|Any CPU = Release|Any CPU
	EndGlobalSection
	GlobalSection(ProjectConfigurationPlatforms) = postSolution
		{1DE94618-ACEA-4FC8-9D78-D49D74E881E3}.Debug|Any CPU.ActiveCfg = Debug|Any CPU
		{1DE94618-ACEA-4FC8-9D78-D49D74E881E3}.Debug|Any CPU.Build.0 = Debug|Any CPU
		{1DE94618-ACEA-4FC8-9D78-D49D74E881E3}.Debug|Any CPU.Deploy.0 = Debug|Any CPU
		{1DE94618-ACEA-4FC8-9D78-D49D74E881E3}.DebugClean|Any CPU.ActiveCfg = DebugClean|Any CPU
		{1DE94618-ACEA-4FC8-9D78-D49D74E881E3}.DebugClean|Any CPU.Build.0 = DebugClean|Any CPU
		{1DE94618-ACEA-4FC8-9D78-D49D74E881E3}.DebugClean|Any CPU.Deploy.0 = DebugClean|Any CPU
		{1DE94618-ACEA-4FC8-9D78-D49D74E881E3}.Release|Any CPU.ActiveCfg = Release|Any CPU
		{1DE94618-ACEA-4FC8-9D78-D49D74E881E3}.Release|Any CPU.Build.0 = Release|Any CPU
		{1DE94618-ACEA-4FC8-9D78-D49D74E881E3}.Release|Any CPU.Deploy.0 = Release|Any CPU
		{EE6B1210-5D97-4232-84F6-BF2DD8060F65}.Debug|Any CPU.ActiveCfg = Debug|Any CPU
		{EE6B1210-5D97-4232-84F6-BF2DD8060F65}.Debug|Any CPU.Build.0 = Debug|Any CPU
		{EE6B1210-5D97-4232-84F6-BF2DD8060F65}.DebugClean|Any CPU.ActiveCfg = Debug|Any CPU
		{EE6B1210-5D97-4232-84F6-BF2DD8060F65}.DebugClean|Any CPU.Build.0 = Debug|Any CPU
		{EE6B1210-5D97-4232-84F6-BF2DD8060F65}.Release|Any CPU.ActiveCfg = Release|Any CPU
		{EE6B1210-5D97-4232-84F6-BF2DD8060F65}.Release|Any CPU.Build.0 = Release|Any CPU
		{B3F474B3-85C7-482D-9382-097CF64BCBB0}.Debug|Any CPU.ActiveCfg = Debug|Any CPU
		{B3F474B3-85C7-482D-9382-097CF64BCBB0}.Debug|Any CPU.Build.0 = Debug|Any CPU
		{B3F474B3-85C7-482D-9382-097CF64BCBB0}.DebugClean|Any CPU.ActiveCfg = Debug|Any CPU
		{B3F474B3-85C7-482D-9382-097CF64BCBB0}.DebugClean|Any CPU.Build.0 = Debug|Any CPU
		{B3F474B3-85C7-482D-9382-097CF64BCBB0}.Release|Any CPU.ActiveCfg = Release|Any CPU
		{B3F474B3-85C7-482D-9382-097CF64BCBB0}.Release|Any CPU.Build.0 = Release|Any CPU
		{FDA153CE-6970-48AA-A720-293A4F91D134}.Debug|Any CPU.ActiveCfg = Debug|Any CPU
		{FDA153CE-6970-48AA-A720-293A4F91D134}.Debug|Any CPU.Build.0 = Debug|Any CPU
		{FDA153CE-6970-48AA-A720-293A4F91D134}.DebugClean|Any CPU.ActiveCfg = Debug|Any CPU
		{FDA153CE-6970-48AA-A720-293A4F91D134}.DebugClean|Any CPU.Build.0 = Debug|Any CPU
		{FDA153CE-6970-48AA-A720-293A4F91D134}.Release|Any CPU.ActiveCfg = Release|Any CPU
		{FDA153CE-6970-48AA-A720-293A4F91D134}.Release|Any CPU.Build.0 = Release|Any CPU
	EndGlobalSection
	GlobalSection(SolutionProperties) = preSolution
		HideSolutionNode = FALSE
	EndGlobalSection
EndGlobal
